// !$*UTF8*$!
{
	archiveVersion = 1;
	classes = {
	};
	objectVersion = 60;
	objects = {

/* Begin PBXBuildFile section */
		5C4532722C395FE0005408BF /* WildberriesDatePickerApp.swift in Sources */ = {isa = PBXBuildFile; fileRef = 5C4532712C395FE0005408BF /* WildberriesDatePickerApp.swift */; };
		5C4532742C395FE0005408BF /* ContentView.swift in Sources */ = {isa = PBXBuildFile; fileRef = 5C4532732C395FE0005408BF /* ContentView.swift */; };
		5C4532762C395FE2005408BF /* Assets.xcassets in Resources */ = {isa = PBXBuildFile; fileRef = 5C4532752C395FE2005408BF /* Assets.xcassets */; };
		5C4532792C395FE2005408BF /* Preview Assets.xcassets in Resources */ = {isa = PBXBuildFile; fileRef = 5C4532782C395FE2005408BF /* Preview Assets.xcassets */; };
		5C4532802C39CEE1005408BF /* Localizable.xcstrings in Resources */ = {isa = PBXBuildFile; fileRef = 5C45327F2C39CEE1005408BF /* Localizable.xcstrings */; };
		5C4532822C39E979005408BF /* LanguageSetting.swift in Sources */ = {isa = PBXBuildFile; fileRef = 5C4532812C39E979005408BF /* LanguageSetting.swift */; };
		5C4532842C39ED54005408BF /* DatePickerView.swift in Sources */ = {isa = PBXBuildFile; fileRef = 5C4532832C39ED54005408BF /* DatePickerView.swift */; };
		5C4532862C39EE2F005408BF /* FlagsPicker.swift in Sources */ = {isa = PBXBuildFile; fileRef = 5C4532852C39EE2F005408BF /* FlagsPicker.swift */; };
		5C4532882C39F0E4005408BF /* DateListView.swift in Sources */ = {isa = PBXBuildFile; fileRef = 5C4532872C39F0E4005408BF /* DateListView.swift */; };
		5C45328A2C39F38B005408BF /* Extensions.swift in Sources */ = {isa = PBXBuildFile; fileRef = 5C4532892C39F38B005408BF /* Extensions.swift */; };
/* End PBXBuildFile section */

/* Begin PBXFileReference section */
		5C45326E2C395FE0005408BF /* WildberriesDatePicker.app */ = {isa = PBXFileReference; explicitFileType = wrapper.application; includeInIndex = 0; path = WildberriesDatePicker.app; sourceTree = BUILT_PRODUCTS_DIR; };
		5C4532712C395FE0005408BF /* WildberriesDatePickerApp.swift */ = {isa = PBXFileReference; lastKnownFileType = sourcecode.swift; path = WildberriesDatePickerApp.swift; sourceTree = "<group>"; };
		5C4532732C395FE0005408BF /* ContentView.swift */ = {isa = PBXFileReference; lastKnownFileType = sourcecode.swift; path = ContentView.swift; sourceTree = "<group>"; };
		5C4532752C395FE2005408BF /* Assets.xcassets */ = {isa = PBXFileReference; lastKnownFileType = folder.assetcatalog; path = Assets.xcassets; sourceTree = "<group>"; };
		5C4532782C395FE2005408BF /* Preview Assets.xcassets */ = {isa = PBXFileReference; lastKnownFileType = folder.assetcatalog; path = "Preview Assets.xcassets"; sourceTree = "<group>"; };
		5C45327F2C39CEE1005408BF /* Localizable.xcstrings */ = {isa = PBXFileReference; lastKnownFileType = text.json.xcstrings; path = Localizable.xcstrings; sourceTree = "<group>"; };
		5C4532812C39E979005408BF /* LanguageSetting.swift */ = {isa = PBXFileReference; lastKnownFileType = sourcecode.swift; path = LanguageSetting.swift; sourceTree = "<group>"; };
		5C4532832C39ED54005408BF /* DatePickerView.swift */ = {isa = PBXFileReference; lastKnownFileType = sourcecode.swift; path = DatePickerView.swift; sourceTree = "<group>"; };
		5C4532852C39EE2F005408BF /* FlagsPicker.swift */ = {isa = PBXFileReference; lastKnownFileType = sourcecode.swift; path = FlagsPicker.swift; sourceTree = "<group>"; };
		5C4532872C39F0E4005408BF /* DateListView.swift */ = {isa = PBXFileReference; lastKnownFileType = sourcecode.swift; path = DateListView.swift; sourceTree = "<group>"; };
		5C4532892C39F38B005408BF /* Extensions.swift */ = {isa = PBXFileReference; lastKnownFileType = sourcecode.swift; path = Extensions.swift; sourceTree = "<group>"; };
/* End PBXFileReference section */

/* Begin PBXFrameworksBuildPhase section */
		5C45326B2C395FE0005408BF /* Frameworks */ = {
			isa = PBXFrameworksBuildPhase;
			buildActionMask = 2147483647;
			files = (
			);
			runOnlyForDeploymentPostprocessing = 0;
		};
/* End PBXFrameworksBuildPhase section */

/* Begin PBXGroup section */
		5C4532652C395FE0005408BF = {
			isa = PBXGroup;
			children = (
				5C4532702C395FE0005408BF /* WildberriesDatePicker */,
				5C45326F2C395FE0005408BF /* Products */,
			);
			sourceTree = "<group>";
		};
		5C45326F2C395FE0005408BF /* Products */ = {
			isa = PBXGroup;
			children = (
				5C45326E2C395FE0005408BF /* WildberriesDatePicker.app */,
			);
			name = Products;
			sourceTree = "<group>";
		};
		5C4532702C395FE0005408BF /* WildberriesDatePicker */ = {
			isa = PBXGroup;
			children = (
				5C4532712C395FE0005408BF /* WildberriesDatePickerApp.swift */,
				5C4532732C395FE0005408BF /* ContentView.swift */,
				5C4532832C39ED54005408BF /* DatePickerView.swift */,
				5C4532872C39F0E4005408BF /* DateListView.swift */,
				5C4532812C39E979005408BF /* LanguageSetting.swift */,
				5C4532852C39EE2F005408BF /* FlagsPicker.swift */,
				5C4532892C39F38B005408BF /* Extensions.swift */,
				5C45327F2C39CEE1005408BF /* Localizable.xcstrings */,
				5C4532752C395FE2005408BF /* Assets.xcassets */,
				5C4532772C395FE2005408BF /* Preview Content */,
			);
			path = WildberriesDatePicker;
			sourceTree = "<group>";
		};
		5C4532772C395FE2005408BF /* Preview Content */ = {
			isa = PBXGroup;
			children = (
				5C4532782C395FE2005408BF /* Preview Assets.xcassets */,
			);
			path = "Preview Content";
			sourceTree = "<group>";
		};
/* End PBXGroup section */

/* Begin PBXNativeTarget section */
		5C45326D2C395FE0005408BF /* WildberriesDatePicker */ = {
			isa = PBXNativeTarget;
			buildConfigurationList = 5C45327C2C395FE2005408BF /* Build configuration list for PBXNativeTarget "WildberriesDatePicker" */;
			buildPhases = (
				5C45326A2C395FE0005408BF /* Sources */,
				5C45326B2C395FE0005408BF /* Frameworks */,
				5C45326C2C395FE0005408BF /* Resources */,
			);
			buildRules = (
			);
			dependencies = (
			);
			name = WildberriesDatePicker;
			productName = WildberriesDatePicker;
			productReference = 5C45326E2C395FE0005408BF /* WildberriesDatePicker.app */;
			productType = "com.apple.product-type.application";
		};
/* End PBXNativeTarget section */

/* Begin PBXProject section */
		5C4532662C395FE0005408BF /* Project object */ = {
			isa = PBXProject;
			attributes = {
				BuildIndependentTargetsInParallel = 1;
				LastSwiftUpdateCheck = 1600;
				LastUpgradeCheck = 1600;
				TargetAttributes = {
					5C45326D2C395FE0005408BF = {
						CreatedOnToolsVersion = 16.0;
					};
				};
			};
			buildConfigurationList = 5C4532692C395FE0005408BF /* Build configuration list for PBXProject "WildberriesDatePicker" */;
			compatibilityVersion = "Xcode 15.0";
			developmentRegion = en;
			hasScannedForEncodings = 0;
			knownRegions = (
				en,
				Base,
				ru,
				sk,
				"sl-SI",
				"bg-BG",
				hr,
			);
			mainGroup = 5C4532652C395FE0005408BF;
			productRefGroup = 5C45326F2C395FE0005408BF /* Products */;
			projectDirPath = "";
			projectRoot = "";
			targets = (
				5C45326D2C395FE0005408BF /* WildberriesDatePicker */,
			);
		};
/* End PBXProject section */

/* Begin PBXResourcesBuildPhase section */
		5C45326C2C395FE0005408BF /* Resources */ = {
			isa = PBXResourcesBuildPhase;
			buildActionMask = 2147483647;
			files = (
				5C4532792C395FE2005408BF /* Preview Assets.xcassets in Resources */,
				5C4532762C395FE2005408BF /* Assets.xcassets in Resources */,
				5C4532802C39CEE1005408BF /* Localizable.xcstrings in Resources */,
			);
			runOnlyForDeploymentPostprocessing = 0;
		};
/* End PBXResourcesBuildPhase section */

/* Begin PBXSourcesBuildPhase section */
		5C45326A2C395FE0005408BF /* Sources */ = {
			isa = PBXSourcesBuildPhase;
			buildActionMask = 2147483647;
			files = (
				5C4532882C39F0E4005408BF /* DateListView.swift in Sources */,
				5C4532742C395FE0005408BF /* ContentView.swift in Sources */,
				5C4532722C395FE0005408BF /* WildberriesDatePickerApp.swift in Sources */,
				5C4532842C39ED54005408BF /* DatePickerView.swift in Sources */,
				5C4532822C39E979005408BF /* LanguageSetting.swift in Sources */,
				5C4532862C39EE2F005408BF /* FlagsPicker.swift in Sources */,
				5C45328A2C39F38B005408BF /* Extensions.swift in Sources */,
			);
			runOnlyForDeploymentPostprocessing = 0;
		};
/* End PBXSourcesBuildPhase section */

/* Begin XCBuildConfiguration section */
		5C45327A2C395FE2005408BF /* Debug */ = {
			isa = XCBuildConfiguration;
			buildSettings = {
				ALWAYS_SEARCH_USER_PATHS = NO;
				ASSETCATALOG_COMPILER_GENERATE_SWIFT_ASSET_SYMBOL_EXTENSIONS = YES;
				CLANG_ANALYZER_NONNULL = YES;
				CLANG_ANALYZER_NUMBER_OBJECT_CONVERSION = YES_AGGRESSIVE;
				CLANG_CXX_LANGUAGE_STANDARD = "gnu++20";
				CLANG_ENABLE_MODULES = YES;
				CLANG_ENABLE_OBJC_ARC = YES;
				CLANG_ENABLE_OBJC_WEAK = YES;
				CLANG_WARN_BLOCK_CAPTURE_AUTORELEASING = YES;
				CLANG_WARN_BOOL_CONVERSION = YES;
				CLANG_WARN_COMMA = YES;
				CLANG_WARN_CONSTANT_CONVERSION = YES;
				CLANG_WARN_DEPRECATED_OBJC_IMPLEMENTATIONS = YES;
				CLANG_WARN_DIRECT_OBJC_ISA_USAGE = YES_ERROR;
				CLANG_WARN_DOCUMENTATION_COMMENTS = YES;
				CLANG_WARN_EMPTY_BODY = YES;
				CLANG_WARN_ENUM_CONVERSION = YES;
				CLANG_WARN_INFINITE_RECURSION = YES;
				CLANG_WARN_INT_CONVERSION = YES;
				CLANG_WARN_NON_LITERAL_NULL_CONVERSION = YES;
				CLANG_WARN_OBJC_IMPLICIT_RETAIN_SELF = YES;
				CLANG_WARN_OBJC_LITERAL_CONVERSION = YES;
				CLANG_WARN_OBJC_ROOT_CLASS = YES_ERROR;
				CLANG_WARN_QUOTED_INCLUDE_IN_FRAMEWORK_HEADER = YES;
				CLANG_WARN_RANGE_LOOP_ANALYSIS = YES;
				CLANG_WARN_STRICT_PROTOTYPES = YES;
				CLANG_WARN_SUSPICIOUS_MOVE = YES;
				CLANG_WARN_UNGUARDED_AVAILABILITY = YES_AGGRESSIVE;
				CLANG_WARN_UNREACHABLE_CODE = YES;
				CLANG_WARN__DUPLICATE_METHOD_MATCH = YES;
				COPY_PHASE_STRIP = NO;
				DEBUG_INFORMATION_FORMAT = dwarf;
				ENABLE_STRICT_OBJC_MSGSEND = YES;
				ENABLE_TESTABILITY = YES;
				ENABLE_USER_SCRIPT_SANDBOXING = YES;
				GCC_C_LANGUAGE_STANDARD = gnu17;
				GCC_DYNAMIC_NO_PIC = NO;
				GCC_NO_COMMON_BLOCKS = YES;
				GCC_OPTIMIZATION_LEVEL = 0;
				GCC_PREPROCESSOR_DEFINITIONS = (
					"DEBUG=1",
					"$(inherited)",
				);
				GCC_WARN_64_TO_32_BIT_CONVERSION = YES;
				GCC_WARN_ABOUT_RETURN_TYPE = YES_ERROR;
				GCC_WARN_UNDECLARED_SELECTOR = YES;
				GCC_WARN_UNINITIALIZED_AUTOS = YES_AGGRESSIVE;
				GCC_WARN_UNUSED_FUNCTION = YES;
				GCC_WARN_UNUSED_VARIABLE = YES;
				IPHONEOS_DEPLOYMENT_TARGET = 18.0;
				LOCALIZATION_PREFERS_STRING_CATALOGS = YES;
				MTL_ENABLE_DEBUG_INFO = INCLUDE_SOURCE;
				MTL_FAST_MATH = YES;
				ONLY_ACTIVE_ARCH = YES;
				SDKROOT = iphoneos;
				SWIFT_ACTIVE_COMPILATION_CONDITIONS = "DEBUG $(inherited)";
				SWIFT_EMIT_LOC_STRINGS = YES;
				SWIFT_OPTIMIZATION_LEVEL = "-Onone";
			};
			name = Debug;
		};
		5C45327B2C395FE2005408BF /* Release */ = {
			isa = XCBuildConfiguration;
			buildSettings = {
				ALWAYS_SEARCH_USER_PATHS = NO;
				ASSETCATALOG_COMPILER_GENERATE_SWIFT_ASSET_SYMBOL_EXTENSIONS = YES;
				CLANG_ANALYZER_NONNULL = YES;
				CLANG_ANALYZER_NUMBER_OBJECT_CONVERSION = YES_AGGRESSIVE;
				CLANG_CXX_LANGUAGE_STANDARD = "gnu++20";
				CLANG_ENABLE_MODULES = YES;
				CLANG_ENABLE_OBJC_ARC = YES;
				CLANG_ENABLE_OBJC_WEAK = YES;
				CLANG_WARN_BLOCK_CAPTURE_AUTORELEASING = YES;
				CLANG_WARN_BOOL_CONVERSION = YES;
				CLANG_WARN_COMMA = YES;
				CLANG_WARN_CONSTANT_CONVERSION = YES;
				CLANG_WARN_DEPRECATED_OBJC_IMPLEMENTATIONS = YES;
				CLANG_WARN_DIRECT_OBJC_ISA_USAGE = YES_ERROR;
				CLANG_WARN_DOCUMENTATION_COMMENTS = YES;
				CLANG_WARN_EMPTY_BODY = YES;
				CLANG_WARN_ENUM_CONVERSION = YES;
				CLANG_WARN_INFINITE_RECURSION = YES;
				CLANG_WARN_INT_CONVERSION = YES;
				CLANG_WARN_NON_LITERAL_NULL_CONVERSION = YES;
				CLANG_WARN_OBJC_IMPLICIT_RETAIN_SELF = YES;
				CLANG_WARN_OBJC_LITERAL_CONVERSION = YES;
				CLANG_WARN_OBJC_ROOT_CLASS = YES_ERROR;
				CLANG_WARN_QUOTED_INCLUDE_IN_FRAMEWORK_HEADER = YES;
				CLANG_WARN_RANGE_LOOP_ANALYSIS = YES;
				CLANG_WARN_STRICT_PROTOTYPES = YES;
				CLANG_WARN_SUSPICIOUS_MOVE = YES;
				CLANG_WARN_UNGUARDED_AVAILABILITY = YES_AGGRESSIVE;
				CLANG_WARN_UNREACHABLE_CODE = YES;
				CLANG_WARN__DUPLICATE_METHOD_MATCH = YES;
				COPY_PHASE_STRIP = NO;
				DEBUG_INFORMATION_FORMAT = "dwarf-with-dsym";
				ENABLE_NS_ASSERTIONS = NO;
				ENABLE_STRICT_OBJC_MSGSEND = YES;
				ENABLE_USER_SCRIPT_SANDBOXING = YES;
				GCC_C_LANGUAGE_STANDARD = gnu17;
				GCC_NO_COMMON_BLOCKS = YES;
				GCC_WARN_64_TO_32_BIT_CONVERSION = YES;
				GCC_WARN_ABOUT_RETURN_TYPE = YES_ERROR;
				GCC_WARN_UNDECLARED_SELECTOR = YES;
				GCC_WARN_UNINITIALIZED_AUTOS = YES_AGGRESSIVE;
				GCC_WARN_UNUSED_FUNCTION = YES;
				GCC_WARN_UNUSED_VARIABLE = YES;
				IPHONEOS_DEPLOYMENT_TARGET = 18.0;
				LOCALIZATION_PREFERS_STRING_CATALOGS = YES;
				MTL_ENABLE_DEBUG_INFO = NO;
				MTL_FAST_MATH = YES;
				SDKROOT = iphoneos;
				SWIFT_COMPILATION_MODE = wholemodule;
				SWIFT_EMIT_LOC_STRINGS = YES;
				VALIDATE_PRODUCT = YES;
			};
			name = Release;
		};
		5C45327D2C395FE2005408BF /* Debug */ = {
			isa = XCBuildConfiguration;
			buildSettings = {
				ASSETCATALOG_COMPILER_APPICON_NAME = AppIcon;
				ASSETCATALOG_COMPILER_GLOBAL_ACCENT_COLOR_NAME = AccentColor;
				CODE_SIGN_STYLE = Automatic;
				CURRENT_PROJECT_VERSION = 1;
				DEVELOPMENT_ASSET_PATHS = "\"WildberriesDatePicker/Preview Content\"";
				DEVELOPMENT_TEAM = N9NN3CSS37;
				ENABLE_PREVIEWS = YES;
				GENERATE_INFOPLIST_FILE = YES;
				INFOPLIST_KEY_UIApplicationSceneManifest_Generation = YES;
				INFOPLIST_KEY_UIApplicationSupportsIndirectInputEvents = YES;
				INFOPLIST_KEY_UILaunchScreen_Generation = YES;
				INFOPLIST_KEY_UISupportedInterfaceOrientations_iPad = "UIInterfaceOrientationPortrait UIInterfaceOrientationPortraitUpsideDown UIInterfaceOrientationLandscapeLeft UIInterfaceOrientationLandscapeRight";
				INFOPLIST_KEY_UISupportedInterfaceOrientations_iPhone = "UIInterfaceOrientationPortrait UIInterfaceOrientationLandscapeLeft UIInterfaceOrientationLandscapeRight";
				LD_RUNPATH_SEARCH_PATHS = (
					"$(inherited)",
					"@executable_path/Frameworks",
				);
				MARKETING_VERSION = 1.0;
				PRODUCT_BUNDLE_IDENTIFIER = janiecee.WildberriesDatePicker;
				PRODUCT_NAME = "$(TARGET_NAME)";
				SWIFT_EMIT_LOC_STRINGS = YES;
				SWIFT_VERSION = 5.0;
				TARGETED_DEVICE_FAMILY = "1,2";
			};
			name = Debug;
		};
		5C45327E2C395FE2005408BF /* Release */ = {
			isa = XCBuildConfiguration;
			buildSettings = {
				ASSETCATALOG_COMPILER_APPICON_NAME = AppIcon;
				ASSETCATALOG_COMPILER_GLOBAL_ACCENT_COLOR_NAME = AccentColor;
				CODE_SIGN_STYLE = Automatic;
				CURRENT_PROJECT_VERSION = 1;
				DEVELOPMENT_ASSET_PATHS = "\"WildberriesDatePicker/Preview Content\"";
				DEVELOPMENT_TEAM = N9NN3CSS37;
				ENABLE_PREVIEWS = YES;
				GENERATE_INFOPLIST_FILE = YES;
				INFOPLIST_KEY_UIApplicationSceneManifest_Generation = YES;
				INFOPLIST_KEY_UIApplicationSupportsIndirectInputEvents = YES;
				INFOPLIST_KEY_UILaunchScreen_Generation = YES;
				INFOPLIST_KEY_UISupportedInterfaceOrientations_iPad = "UIInterfaceOrientationPortrait UIInterfaceOrientationPortraitUpsideDown UIInterfaceOrientationLandscapeLeft UIInterfaceOrientationLandscapeRight";
				INFOPLIST_KEY_UISupportedInterfaceOrientations_iPhone = "UIInterfaceOrientationPortrait UIInterfaceOrientationLandscapeLeft UIInterfaceOrientationLandscapeRight";
				LD_RUNPATH_SEARCH_PATHS = (
					"$(inherited)",
					"@executable_path/Frameworks",
				);
				MARKETING_VERSION = 1.0;
				PRODUCT_BUNDLE_IDENTIFIER = janiecee.WildberriesDatePicker;
				PRODUCT_NAME = "$(TARGET_NAME)";
				SWIFT_EMIT_LOC_STRINGS = YES;
				SWIFT_VERSION = 5.0;
				TARGETED_DEVICE_FAMILY = "1,2";
			};
			name = Release;
		};
/* End XCBuildConfiguration section */

/* Begin XCConfigurationList section */
		5C4532692C395FE0005408BF /* Build configuration list for PBXProject "WildberriesDatePicker" */ = {
			isa = XCConfigurationList;
			buildConfigurations = (
				5C45327A2C395FE2005408BF /* Debug */,
				5C45327B2C395FE2005408BF /* Release */,
			);
			defaultConfigurationIsVisible = 0;
			defaultConfigurationName = Release;
		};
		5C45327C2C395FE2005408BF /* Build configuration list for PBXNativeTarget "WildberriesDatePicker" */ = {
			isa = XCConfigurationList;
			buildConfigurations = (
				5C45327D2C395FE2005408BF /* Debug */,
				5C45327E2C395FE2005408BF /* Release */,
			);
			defaultConfigurationIsVisible = 0;
			defaultConfigurationName = Release;
		};
/* End XCConfigurationList section */
	};
	rootObject = 5C4532662C395FE0005408BF /* Project object */;
}
